PODS:
  - Alamofire (4.8.1)
  - ReachabilitySwift (4.3.0)

DEPENDENCIES:
  - Alamofire
  - ReachabilitySwift

SPEC REPOS:
  https://github.com/cocoapods/specs.git:
    - Alamofire
    - ReachabilitySwift

SPEC CHECKSUMS:
  Alamofire: 16ce2c353fb72865124ddae8a57c5942388f4f11
  ReachabilitySwift: 408477d1b6ed9779dba301953171e017c31241f3

PODFILE CHECKSUM: 6847ce8a6975e84d1bbfaaa528e30a9433826705

COCOAPODS: 1.6.1
