// !$*UTF8*$!
{
	archiveVersion = 1;
	classes = {
	};
	objectVersion = 50;
	objects = {

/* Begin PBXBuildFile section */
		2F7FE2E8223B49F1002F4B15 /* AppDelegate.swift in Sources */ = {isa = PBXBuildFile; fileRef = 2F7FE2E7223B49F1002F4B15 /* AppDelegate.swift */; };
		2F7FE2EA223B49F1002F4B15 /* ViewController.swift in Sources */ = {isa = PBXBuildFile; fileRef = 2F7FE2E9223B49F1002F4B15 /* ViewController.swift */; };
		2F7FE2ED223B49F1002F4B15 /* Main.storyboard in Resources */ = {isa = PBXBuildFile; fileRef = 2F7FE2EB223B49F1002F4B15 /* Main.storyboard */; };
		2F7FE2EF223B49F2002F4B15 /* Assets.xcassets in Resources */ = {isa = PBXBuildFile; fileRef = 2F7FE2EE223B49F2002F4B15 /* Assets.xcassets */; };
		2F7FE2F2223B49F2002F4B15 /* LaunchScreen.storyboard in Resources */ = {isa = PBXBuildFile; fileRef = 2F7FE2F0223B49F2002F4B15 /* LaunchScreen.storyboard */; };
		2F7FE2FD223B49F2002F4B15 /* HandleInternetConnectionTests.swift in Sources */ = {isa = PBXBuildFile; fileRef = 2F7FE2FC223B49F2002F4B15 /* HandleInternetConnectionTests.swift */; };
		2F7FE308223B49F2002F4B15 /* HandleInternetConnectionUITests.swift in Sources */ = {isa = PBXBuildFile; fileRef = 2F7FE307223B49F2002F4B15 /* HandleInternetConnectionUITests.swift */; };
/* End PBXBuildFile section */

/* Begin PBXContainerItemProxy section */
		2F7FE2F9223B49F2002F4B15 /* PBXContainerItemProxy */ = {
			isa = PBXContainerItemProxy;
			containerPortal = 2F7FE2DC223B49F1002F4B15 /* Project object */;
			proxyType = 1;
			remoteGlobalIDString = 2F7FE2E3223B49F1002F4B15;
			remoteInfo = HandleInternetConnection;
		};
		2F7FE304223B49F2002F4B15 /* PBXContainerItemProxy */ = {
			isa = PBXContainerItemProxy;
			containerPortal = 2F7FE2DC223B49F1002F4B15 /* Project object */;
			proxyType = 1;
			remoteGlobalIDString = 2F7FE2E3223B49F1002F4B15;
			remoteInfo = HandleInternetConnection;
		};
/* End PBXContainerItemProxy section */

/* Begin PBXFileReference section */
		2F7FE2E4223B49F1002F4B15 /* HandleInternetConnection.app */ = {isa = PBXFileReference; explicitFileType = wrapper.application; includeInIndex = 0; path = HandleInternetConnection.app; sourceTree = BUILT_PRODUCTS_DIR; };
		2F7FE2E7223B49F1002F4B15 /* AppDelegate.swift */ = {isa = PBXFileReference; lastKnownFileType = sourcecode.swift; path = AppDelegate.swift; sourceTree = "<group>"; };
		2F7FE2E9223B49F1002F4B15 /* ViewController.swift */ = {isa = PBXFileReference; lastKnownFileType = sourcecode.swift; path = ViewController.swift; sourceTree = "<group>"; };
		2F7FE2EC223B49F1002F4B15 /* Base */ = {isa = PBXFileReference; lastKnownFileType = file.storyboard; name = Base; path = Base.lproj/Main.storyboard; sourceTree = "<group>"; };
		2F7FE2EE223B49F2002F4B15 /* Assets.xcassets */ = {isa = PBXFileReference; lastKnownFileType = folder.assetcatalog; path = Assets.xcassets; sourceTree = "<group>"; };
		2F7FE2F1223B49F2002F4B15 /* Base */ = {isa = PBXFileReference; lastKnownFileType = file.storyboard; name = Base; path = Base.lproj/LaunchScreen.storyboard; sourceTree = "<group>"; };
		2F7FE2F3223B49F2002F4B15 /* Info.plist */ = {isa = PBXFileReference; lastKnownFileType = text.plist.xml; path = Info.plist; sourceTree = "<group>"; };
		2F7FE2F8223B49F2002F4B15 /* HandleInternetConnectionTests.xctest */ = {isa = PBXFileReference; explicitFileType = wrapper.cfbundle; includeInIndex = 0; path = HandleInternetConnectionTests.xctest; sourceTree = BUILT_PRODUCTS_DIR; };
		2F7FE2FC223B49F2002F4B15 /* HandleInternetConnectionTests.swift */ = {isa = PBXFileReference; lastKnownFileType = sourcecode.swift; path = HandleInternetConnectionTests.swift; sourceTree = "<group>"; };
		2F7FE2FE223B49F2002F4B15 /* Info.plist */ = {isa = PBXFileReference; lastKnownFileType = text.plist.xml; path = Info.plist; sourceTree = "<group>"; };
		2F7FE303223B49F2002F4B15 /* HandleInternetConnectionUITests.xctest */ = {isa = PBXFileReference; explicitFileType = wrapper.cfbundle; includeInIndex = 0; path = HandleInternetConnectionUITests.xctest; sourceTree = BUILT_PRODUCTS_DIR; };
		2F7FE307223B49F2002F4B15 /* HandleInternetConnectionUITests.swift */ = {isa = PBXFileReference; lastKnownFileType = sourcecode.swift; path = HandleInternetConnectionUITests.swift; sourceTree = "<group>"; };
		2F7FE309223B49F2002F4B15 /* Info.plist */ = {isa = PBXFileReference; lastKnownFileType = text.plist.xml; path = Info.plist; sourceTree = "<group>"; };
/* End PBXFileReference section */

/* Begin PBXFrameworksBuildPhase section */
		2F7FE2E1223B49F1002F4B15 /* Frameworks */ = {
			isa = PBXFrameworksBuildPhase;
			buildActionMask = 2147483647;
			files = (
			);
			runOnlyForDeploymentPostprocessing = 0;
		};
		2F7FE2F5223B49F2002F4B15 /* Frameworks */ = {
			isa = PBXFrameworksBuildPhase;
			buildActionMask = 2147483647;
			files = (
			);
			runOnlyForDeploymentPostprocessing = 0;
		};
		2F7FE300223B49F2002F4B15 /* Frameworks */ = {
			isa = PBXFrameworksBuildPhase;
			buildActionMask = 2147483647;
			files = (
			);
			runOnlyForDeploymentPostprocessing = 0;
		};
/* End PBXFrameworksBuildPhase section */

/* Begin PBXGroup section */
		2F7FE2DB223B49F1002F4B15 = {
			isa = PBXGroup;
			children = (
				2F7FE2E6223B49F1002F4B15 /* HandleInternetConnection */,
				2F7FE2FB223B49F2002F4B15 /* HandleInternetConnectionTests */,
				2F7FE306223B49F2002F4B15 /* HandleInternetConnectionUITests */,
				2F7FE2E5223B49F1002F4B15 /* Products */,
			);
			sourceTree = "<group>";
		};
		2F7FE2E5223B49F1002F4B15 /* Products */ = {
			isa = PBXGroup;
			children = (
				2F7FE2E4223B49F1002F4B15 /* HandleInternetConnection.app */,
				2F7FE2F8223B49F2002F4B15 /* HandleInternetConnectionTests.xctest */,
				2F7FE303223B49F2002F4B15 /* HandleInternetConnectionUITests.xctest */,
			);
			name = Products;
			sourceTree = "<group>";
		};
		2F7FE2E6223B49F1002F4B15 /* HandleInternetConnection */ = {
			isa = PBXGroup;
			children = (
				2F7FE2E7223B49F1002F4B15 /* AppDelegate.swift */,
				2F7FE2E9223B49F1002F4B15 /* ViewController.swift */,
				2F7FE2EB223B49F1002F4B15 /* Main.storyboard */,
				2F7FE2EE223B49F2002F4B15 /* Assets.xcassets */,
				2F7FE2F0223B49F2002F4B15 /* LaunchScreen.storyboard */,
				2F7FE2F3223B49F2002F4B15 /* Info.plist */,
			);
			path = HandleInternetConnection;
			sourceTree = "<group>";
		};
		2F7FE2FB223B49F2002F4B15 /* HandleInternetConnectionTests */ = {
			isa = PBXGroup;
			children = (
				2F7FE2FC223B49F2002F4B15 /* HandleInternetConnectionTests.swift */,
				2F7FE2FE223B49F2002F4B15 /* Info.plist */,
			);
			path = HandleInternetConnectionTests;
			sourceTree = "<group>";
		};
		2F7FE306223B49F2002F4B15 /* HandleInternetConnectionUITests */ = {
			isa = PBXGroup;
			children = (
				2F7FE307223B49F2002F4B15 /* HandleInternetConnectionUITests.swift */,
				2F7FE309223B49F2002F4B15 /* Info.plist */,
			);
			path = HandleInternetConnectionUITests;
			sourceTree = "<group>";
		};
/* End PBXGroup section */

/* Begin PBXNativeTarget section */
		2F7FE2E3223B49F1002F4B15 /* HandleInternetConnection */ = {
			isa = PBXNativeTarget;
			buildConfigurationList = 2F7FE30C223B49F2002F4B15 /* Build configuration list for PBXNativeTarget "HandleInternetConnection" */;
			buildPhases = (
				2F7FE2E0223B49F1002F4B15 /* Sources */,
				2F7FE2E1223B49F1002F4B15 /* Frameworks */,
				2F7FE2E2223B49F1002F4B15 /* Resources */,
			);
			buildRules = (
			);
			dependencies = (
			);
			name = HandleInternetConnection;
			productName = HandleInternetConnection;
			productReference = 2F7FE2E4223B49F1002F4B15 /* HandleInternetConnection.app */;
			productType = "com.apple.product-type.application";
		};
		2F7FE2F7223B49F2002F4B15 /* HandleInternetConnectionTests */ = {
			isa = PBXNativeTarget;
			buildConfigurationList = 2F7FE30F223B49F2002F4B15 /* Build configuration list for PBXNativeTarget "HandleInternetConnectionTests" */;
			buildPhases = (
				2F7FE2F4223B49F2002F4B15 /* Sources */,
				2F7FE2F5223B49F2002F4B15 /* Frameworks */,
				2F7FE2F6223B49F2002F4B15 /* Resources */,
			);
			buildRules = (
			);
			dependencies = (
				2F7FE2FA223B49F2002F4B15 /* PBXTargetDependency */,
			);
			name = HandleInternetConnectionTests;
			productName = HandleInternetConnectionTests;
			productReference = 2F7FE2F8223B49F2002F4B15 /* HandleInternetConnectionTests.xctest */;
			productType = "com.apple.product-type.bundle.unit-test";
		};
		2F7FE302223B49F2002F4B15 /* HandleInternetConnectionUITests */ = {
			isa = PBXNativeTarget;
			buildConfigurationList = 2F7FE312223B49F2002F4B15 /* Build configuration list for PBXNativeTarget "HandleInternetConnectionUITests" */;
			buildPhases = (
				2F7FE2FF223B49F2002F4B15 /* Sources */,
				2F7FE300223B49F2002F4B15 /* Frameworks */,
				2F7FE301223B49F2002F4B15 /* Resources */,
			);
			buildRules = (
			);
			dependencies = (
				2F7FE305223B49F2002F4B15 /* PBXTargetDependency */,
			);
			name = HandleInternetConnectionUITests;
			productName = HandleInternetConnectionUITests;
			productReference = 2F7FE303223B49F2002F4B15 /* HandleInternetConnectionUITests.xctest */;
			productType = "com.apple.product-type.bundle.ui-testing";
		};
/* End PBXNativeTarget section */

/* Begin PBXProject section */
		2F7FE2DC223B49F1002F4B15 /* Project object */ = {
			isa = PBXProject;
			attributes = {
				LastSwiftUpdateCheck = 1010;
				LastUpgradeCheck = 1010;
				ORGANIZATIONNAME = "David Tran";
				TargetAttributes = {
					2F7FE2E3223B49F1002F4B15 = {
						CreatedOnToolsVersion = 10.1;
					};
					2F7FE2F7223B49F2002F4B15 = {
						CreatedOnToolsVersion = 10.1;
						TestTargetID = 2F7FE2E3223B49F1002F4B15;
					};
					2F7FE302223B49F2002F4B15 = {
						CreatedOnToolsVersion = 10.1;
						TestTargetID = 2F7FE2E3223B49F1002F4B15;
					};
				};
			};
			buildConfigurationList = 2F7FE2DF223B49F1002F4B15 /* Build configuration list for PBXProject "HandleInternetConnection" */;
			compatibilityVersion = "Xcode 9.3";
			developmentRegion = en;
			hasScannedForEncodings = 0;
			knownRegions = (
				en,
				Base,
			);
			mainGroup = 2F7FE2DB223B49F1002F4B15;
			productRefGroup = 2F7FE2E5223B49F1002F4B15 /* Products */;
			projectDirPath = "";
			projectRoot = "";
			targets = (
				2F7FE2E3223B49F1002F4B15 /* HandleInternetConnection */,
				2F7FE2F7223B49F2002F4B15 /* HandleInternetConnectionTests */,
				2F7FE302223B49F2002F4B15 /* HandleInternetConnectionUITests */,
			);
		};
/* End PBXProject section */

/* Begin PBXResourcesBuildPhase section */
		2F7FE2E2223B49F1002F4B15 /* Resources */ = {
			isa = PBXResourcesBuildPhase;
			buildActionMask = 2147483647;
			files = (
				2F7FE2F2223B49F2002F4B15 /* LaunchScreen.storyboard in Resources */,
				2F7FE2EF223B49F2002F4B15 /* Assets.xcassets in Resources */,
				2F7FE2ED223B49F1002F4B15 /* Main.storyboard in Resources */,
			);
			runOnlyForDeploymentPostprocessing = 0;
		};
		2F7FE2F6223B49F2002F4B15 /* Resources */ = {
			isa = PBXResourcesBuildPhase;
			buildActionMask = 2147483647;
			files = (
			);
			runOnlyForDeploymentPostprocessing = 0;
		};
		2F7FE301223B49F2002F4B15 /* Resources */ = {
			isa = PBXResourcesBuildPhase;
			buildActionMask = 2147483647;
			files = (
			);
			runOnlyForDeploymentPostprocessing = 0;
		};
/* End PBXResourcesBuildPhase section */

/* Begin PBXSourcesBuildPhase section */
		2F7FE2E0223B49F1002F4B15 /* Sources */ = {
			isa = PBXSourcesBuildPhase;
			buildActionMask = 2147483647;
			files = (
				2F7FE2EA223B49F1002F4B15 /* ViewController.swift in Sources */,
				2F7FE2E8223B49F1002F4B15 /* AppDelegate.swift in Sources */,
			);
			runOnlyForDeploymentPostprocessing = 0;
		};
		2F7FE2F4223B49F2002F4B15 /* Sources */ = {
			isa = PBXSourcesBuildPhase;
			buildActionMask = 2147483647;
			files = (
				2F7FE2FD223B49F2002F4B15 /* HandleInternetConnectionTests.swift in Sources */,
			);
			runOnlyForDeploymentPostprocessing = 0;
		};
		2F7FE2FF223B49F2002F4B15 /* Sources */ = {
			isa = PBXSourcesBuildPhase;
			buildActionMask = 2147483647;
			files = (
				2F7FE308223B49F2002F4B15 /* HandleInternetConnectionUITests.swift in Sources */,
			);
			runOnlyForDeploymentPostprocessing = 0;
		};
/* End PBXSourcesBuildPhase section */

/* Begin PBXTargetDependency section */
		2F7FE2FA223B49F2002F4B15 /* PBXTargetDependency */ = {
			isa = PBXTargetDependency;
			target = 2F7FE2E3223B49F1002F4B15 /* HandleInternetConnection */;
			targetProxy = 2F7FE2F9223B49F2002F4B15 /* PBXContainerItemProxy */;
		};
		2F7FE305223B49F2002F4B15 /* PBXTargetDependency */ = {
			isa = PBXTargetDependency;
			target = 2F7FE2E3223B49F1002F4B15 /* HandleInternetConnection */;
			targetProxy = 2F7FE304223B49F2002F4B15 /* PBXContainerItemProxy */;
		};
/* End PBXTargetDependency section */

/* Begin PBXVariantGroup section */
		2F7FE2EB223B49F1002F4B15 /* Main.storyboard */ = {
			isa = PBXVariantGroup;
			children = (
				2F7FE2EC223B49F1002F4B15 /* Base */,
			);
			name = Main.storyboard;
			sourceTree = "<group>";
		};
		2F7FE2F0223B49F2002F4B15 /* LaunchScreen.storyboard */ = {
			isa = PBXVariantGroup;
			children = (
				2F7FE2F1223B49F2002F4B15 /* Base */,
			);
			name = LaunchScreen.storyboard;
			sourceTree = "<group>";
		};
/* End PBXVariantGroup section */

/* Begin XCBuildConfiguration section */
		2F7FE30A223B49F2002F4B15 /* Debug */ = {
			isa = XCBuildConfiguration;
			buildSettings = {
				ALWAYS_SEARCH_USER_PATHS = NO;
				CLANG_ANALYZER_NONNULL = YES;
				CLANG_ANALYZER_NUMBER_OBJECT_CONVERSION = YES_AGGRESSIVE;
				CLANG_CXX_LANGUAGE_STANDARD = "gnu++14";
				CLANG_CXX_LIBRARY = "libc++";
				CLANG_ENABLE_MODULES = YES;
				CLANG_ENABLE_OBJC_ARC = YES;
				CLANG_ENABLE_OBJC_WEAK = YES;
				CLANG_WARN_BLOCK_CAPTURE_AUTORELEASING = YES;
				CLANG_WARN_BOOL_CONVERSION = YES;
				CLANG_WARN_COMMA = YES;
				CLANG_WARN_CONSTANT_CONVERSION = YES;
				CLANG_WARN_DEPRECATED_OBJC_IMPLEMENTATIONS = YES;
				CLANG_WARN_DIRECT_OBJC_ISA_USAGE = YES_ERROR;
				CLANG_WARN_DOCUMENTATION_COMMENTS = YES;
				CLANG_WARN_EMPTY_BODY = YES;
				CLANG_WARN_ENUM_CONVERSION = YES;
				CLANG_WARN_INFINITE_RECURSION = YES;
				CLANG_WARN_INT_CONVERSION = YES;
				CLANG_WARN_NON_LITERAL_NULL_CONVERSION = YES;
				CLANG_WARN_OBJC_IMPLICIT_RETAIN_SELF = YES;
				CLANG_WARN_OBJC_LITERAL_CONVERSION = YES;
				CLANG_WARN_OBJC_ROOT_CLASS = YES_ERROR;
				CLANG_WARN_RANGE_LOOP_ANALYSIS = YES;
				CLANG_WARN_STRICT_PROTOTYPES = YES;
				CLANG_WARN_SUSPICIOUS_MOVE = YES;
				CLANG_WARN_UNGUARDED_AVAILABILITY = YES_AGGRESSIVE;
				CLANG_WARN_UNREACHABLE_CODE = YES;
				CLANG_WARN__DUPLICATE_METHOD_MATCH = YES;
				CODE_SIGN_IDENTITY = "iPhone Developer";
				COPY_PHASE_STRIP = NO;
				DEBUG_INFORMATION_FORMAT = dwarf;
				ENABLE_STRICT_OBJC_MSGSEND = YES;
				ENABLE_TESTABILITY = YES;
				GCC_C_LANGUAGE_STANDARD = gnu11;
				GCC_DYNAMIC_NO_PIC = NO;
				GCC_NO_COMMON_BLOCKS = YES;
				GCC_OPTIMIZATION_LEVEL = 0;
				GCC_PREPROCESSOR_DEFINITIONS = (
					"DEBUG=1",
					"$(inherited)",
				);
				GCC_WARN_64_TO_32_BIT_CONVERSION = YES;
				GCC_WARN_ABOUT_RETURN_TYPE = YES_ERROR;
				GCC_WARN_UNDECLARED_SELECTOR = YES;
				GCC_WARN_UNINITIALIZED_AUTOS = YES_AGGRESSIVE;
				GCC_WARN_UNUSED_FUNCTION = YES;
				GCC_WARN_UNUSED_VARIABLE = YES;
				IPHONEOS_DEPLOYMENT_TARGET = 12.1;
				MTL_ENABLE_DEBUG_INFO = INCLUDE_SOURCE;
				MTL_FAST_MATH = YES;
				ONLY_ACTIVE_ARCH = YES;
				SDKROOT = iphoneos;
				SWIFT_ACTIVE_COMPILATION_CONDITIONS = DEBUG;
				SWIFT_OPTIMIZATION_LEVEL = "-Onone";
			};
			name = Debug;
		};
		2F7FE30B223B49F2002F4B15 /* Release */ = {
			isa = XCBuildConfiguration;
			buildSettings = {
				ALWAYS_SEARCH_USER_PATHS = NO;
				CLANG_ANALYZER_NONNULL = YES;
				CLANG_ANALYZER_NUMBER_OBJECT_CONVERSION = YES_AGGRESSIVE;
				CLANG_CXX_LANGUAGE_STANDARD = "gnu++14";
				CLANG_CXX_LIBRARY = "libc++";
				CLANG_ENABLE_MODULES = YES;
				CLANG_ENABLE_OBJC_ARC = YES;
				CLANG_ENABLE_OBJC_WEAK = YES;
				CLANG_WARN_BLOCK_CAPTURE_AUTORELEASING = YES;
				CLANG_WARN_BOOL_CONVERSION = YES;
				CLANG_WARN_COMMA = YES;
				CLANG_WARN_CONSTANT_CONVERSION = YES;
				CLANG_WARN_DEPRECATED_OBJC_IMPLEMENTATIONS = YES;
				CLANG_WARN_DIRECT_OBJC_ISA_USAGE = YES_ERROR;
				CLANG_WARN_DOCUMENTATION_COMMENTS = YES;
				CLANG_WARN_EMPTY_BODY = YES;
				CLANG_WARN_ENUM_CONVERSION = YES;
				CLANG_WARN_INFINITE_RECURSION = YES;
				CLANG_WARN_INT_CONVERSION = YES;
				CLANG_WARN_NON_LITERAL_NULL_CONVERSION = YES;
				CLANG_WARN_OBJC_IMPLICIT_RETAIN_SELF = YES;
				CLANG_WARN_OBJC_LITERAL_CONVERSION = YES;
				CLANG_WARN_OBJC_ROOT_CLASS = YES_ERROR;
				CLANG_WARN_RANGE_LOOP_ANALYSIS = YES;
				CLANG_WARN_STRICT_PROTOTYPES = YES;
				CLANG_WARN_SUSPICIOUS_MOVE = YES;
				CLANG_WARN_UNGUARDED_AVAILABILITY = YES_AGGRESSIVE;
				CLANG_WARN_UNREACHABLE_CODE = YES;
				CLANG_WARN__DUPLICATE_METHOD_MATCH = YES;
				CODE_SIGN_IDENTITY = "iPhone Developer";
				COPY_PHASE_STRIP = NO;
				DEBUG_INFORMATION_FORMAT = "dwarf-with-dsym";
				ENABLE_NS_ASSERTIONS = NO;
				ENABLE_STRICT_OBJC_MSGSEND = YES;
				GCC_C_LANGUAGE_STANDARD = gnu11;
				GCC_NO_COMMON_BLOCKS = YES;
				GCC_WARN_64_TO_32_BIT_CONVERSION = YES;
				GCC_WARN_ABOUT_RETURN_TYPE = YES_ERROR;
				GCC_WARN_UNDECLARED_SELECTOR = YES;
				GCC_WARN_UNINITIALIZED_AUTOS = YES_AGGRESSIVE;
				GCC_WARN_UNUSED_FUNCTION = YES;
				GCC_WARN_UNUSED_VARIABLE = YES;
				IPHONEOS_DEPLOYMENT_TARGET = 12.1;
				MTL_ENABLE_DEBUG_INFO = NO;
				MTL_FAST_MATH = YES;
				SDKROOT = iphoneos;
				SWIFT_COMPILATION_MODE = wholemodule;
				SWIFT_OPTIMIZATION_LEVEL = "-O";
				VALIDATE_PRODUCT = YES;
			};
			name = Release;
		};
		2F7FE30D223B49F2002F4B15 /* Debug */ = {
			isa = XCBuildConfiguration;
			buildSettings = {
				ASSETCATALOG_COMPILER_APPICON_NAME = AppIcon;
				CODE_SIGN_STYLE = Automatic;
				INFOPLIST_FILE = HandleInternetConnection/Info.plist;
				LD_RUNPATH_SEARCH_PATHS = (
					"$(inherited)",
					"@executable_path/Frameworks",
				);
				PRODUCT_BUNDLE_IDENTIFIER = davi.HandleInternetConnection;
				PRODUCT_NAME = "$(TARGET_NAME)";
				SWIFT_VERSION = 4.2;
				TARGETED_DEVICE_FAMILY = "1,2";
			};
			name = Debug;
		};
		2F7FE30E223B49F2002F4B15 /* Release */ = {
			isa = XCBuildConfiguration;
			buildSettings = {
				ASSETCATALOG_COMPILER_APPICON_NAME = AppIcon;
				CODE_SIGN_STYLE = Automatic;
				INFOPLIST_FILE = HandleInternetConnection/Info.plist;
				LD_RUNPATH_SEARCH_PATHS = (
					"$(inherited)",
					"@executable_path/Frameworks",
				);
				PRODUCT_BUNDLE_IDENTIFIER = davi.HandleInternetConnection;
				PRODUCT_NAME = "$(TARGET_NAME)";
				SWIFT_VERSION = 4.2;
				TARGETED_DEVICE_FAMILY = "1,2";
			};
			name = Release;
		};
		2F7FE310223B49F2002F4B15 /* Debug */ = {
			isa = XCBuildConfiguration;
			buildSettings = {
				ALWAYS_EMBED_SWIFT_STANDARD_LIBRARIES = YES;
				BUNDLE_LOADER = "$(TEST_HOST)";
				CODE_SIGN_STYLE = Automatic;
				INFOPLIST_FILE = HandleInternetConnectionTests/Info.plist;
				LD_RUNPATH_SEARCH_PATHS = (
					"$(inherited)",
					"@executable_path/Frameworks",
					"@loader_path/Frameworks",
				);
				PRODUCT_BUNDLE_IDENTIFIER = davi.HandleInternetConnectionTests;
				PRODUCT_NAME = "$(TARGET_NAME)";
				SWIFT_VERSION = 4.2;
				TARGETED_DEVICE_FAMILY = "1,2";
				TEST_HOST = "$(BUILT_PRODUCTS_DIR)/HandleInternetConnection.app/HandleInternetConnection";
			};
			name = Debug;
		};
		2F7FE311223B49F2002F4B15 /* Release */ = {
			isa = XCBuildConfiguration;
			buildSettings = {
				ALWAYS_EMBED_SWIFT_STANDARD_LIBRARIES = YES;
				BUNDLE_LOADER = "$(TEST_HOST)";
				CODE_SIGN_STYLE = Automatic;
				INFOPLIST_FILE = HandleInternetConnectionTests/Info.plist;
				LD_RUNPATH_SEARCH_PATHS = (
					"$(inherited)",
					"@executable_path/Frameworks",
					"@loader_path/Frameworks",
				);
				PRODUCT_BUNDLE_IDENTIFIER = davi.HandleInternetConnectionTests;
				PRODUCT_NAME = "$(TARGET_NAME)";
				SWIFT_VERSION = 4.2;
				TARGETED_DEVICE_FAMILY = "1,2";
				TEST_HOST = "$(BUILT_PRODUCTS_DIR)/HandleInternetConnection.app/HandleInternetConnection";
			};
			name = Release;
		};
		2F7FE313223B49F2002F4B15 /* Debug */ = {
			isa = XCBuildConfiguration;
			buildSettings = {
				ALWAYS_EMBED_SWIFT_STANDARD_LIBRARIES = YES;
				CODE_SIGN_STYLE = Automatic;
				INFOPLIST_FILE = HandleInternetConnectionUITests/Info.plist;
				LD_RUNPATH_SEARCH_PATHS = (
					"$(inherited)",
					"@executable_path/Frameworks",
					"@loader_path/Frameworks",
				);
				PRODUCT_BUNDLE_IDENTIFIER = davi.HandleInternetConnectionUITests;
				PRODUCT_NAME = "$(TARGET_NAME)";
				SWIFT_VERSION = 4.2;
				TARGETED_DEVICE_FAMILY = "1,2";
				TEST_TARGET_NAME = HandleInternetConnection;
			};
			name = Debug;
		};
		2F7FE314223B49F2002F4B15 /* Release */ = {
			isa = XCBuildConfiguration;
			buildSettings = {
				ALWAYS_EMBED_SWIFT_STANDARD_LIBRARIES = YES;
				CODE_SIGN_STYLE = Automatic;
				INFOPLIST_FILE = HandleInternetConnectionUITests/Info.plist;
				LD_RUNPATH_SEARCH_PATHS = (
					"$(inherited)",
					"@executable_path/Frameworks",
					"@loader_path/Frameworks",
				);
				PRODUCT_BUNDLE_IDENTIFIER = davi.HandleInternetConnectionUITests;
				PRODUCT_NAME = "$(TARGET_NAME)";
				SWIFT_VERSION = 4.2;
				TARGETED_DEVICE_FAMILY = "1,2";
				TEST_TARGET_NAME = HandleInternetConnection;
			};
			name = Release;
		};
/* End XCBuildConfiguration section */

/* Begin XCConfigurationList section */
		2F7FE2DF223B49F1002F4B15 /* Build configuration list for PBXProject "HandleInternetConnection" */ = {
			isa = XCConfigurationList;
			buildConfigurations = (
				2F7FE30A223B49F2002F4B15 /* Debug */,
				2F7FE30B223B49F2002F4B15 /* Release */,
			);
			defaultConfigurationIsVisible = 0;
			defaultConfigurationName = Release;
		};
		2F7FE30C223B49F2002F4B15 /* Build configuration list for PBXNativeTarget "HandleInternetConnection" */ = {
			isa = XCConfigurationList;
			buildConfigurations = (
				2F7FE30D223B49F2002F4B15 /* Debug */,
				2F7FE30E223B49F2002F4B15 /* Release */,
			);
			defaultConfigurationIsVisible = 0;
			defaultConfigurationName = Release;
		};
		2F7FE30F223B49F2002F4B15 /* Build configuration list for PBXNativeTarget "HandleInternetConnectionTests" */ = {
			isa = XCConfigurationList;
			buildConfigurations = (
				2F7FE310223B49F2002F4B15 /* Debug */,
				2F7FE311223B49F2002F4B15 /* Release */,
			);
			defaultConfigurationIsVisible = 0;
			defaultConfigurationName = Release;
		};
		2F7FE312223B49F2002F4B15 /* Build configuration list for PBXNativeTarget "HandleInternetConnectionUITests" */ = {
			isa = XCConfigurationList;
			buildConfigurations = (
				2F7FE313223B49F2002F4B15 /* Debug */,
				2F7FE314223B49F2002F4B15 /* Release */,
			);
			defaultConfigurationIsVisible = 0;
			defaultConfigurationName = Release;
		};
/* End XCConfigurationList section */
	};
	rootObject = 2F7FE2DC223B49F1002F4B15 /* Project object */;
}
